MINDUSTRY_REPO=https://github.com/Anuken/Mindustry.git
MINDUSTRY_REF=v159.7
MINDUSTRY_COMMIT=c9686eb5d0ae5dd47ee02c40f99f7d5018ccbc8c
ARC_REPO=https://github.com/Anuken/Arc.git
ARC_COMMIT=c38f8f5ff27f47a5886d0903aadeba42e4302411
ARC_LEGACY_WEB_REF=2303ab81bb76a973db8885f3ba14b6515782a1a4
ARC_GWT_REMOVAL_COMMIT=b3c7047a1504c3550d860b110699f6207de695bb
